// !$*UTF8*$!
{
	archiveVersion = 1;
	classes = {
	};
	objectVersion = 46;
	objects = {

/* Begin PBXAggregateTarget section */
		2B2C4503E36240CFB3BA2EBA /* ALL_BUILD */ = {
			isa = PBXAggregateTarget;
			buildConfigurationList = 88A0D1DD7FC44F329CE6D796 /* Build configuration list for PBXAggregateTarget "ALL_BUILD" */;
			buildPhases = (
				C7194083D12B47CDB6BE3650 /* CMake Rules */,
			);
			dependencies = (
				98FF9917B0EC4DD4AC581B9B /* PBXTargetDependency */,
				A7FE581714304AB4B058EC95 /* PBXTargetDependency */,
			);
			name = ALL_BUILD;
			productName = ALL_BUILD;
		};
		4F6F4CB8B39F464EA64B1243 /* ZERO_CHECK */ = {
			isa = PBXAggregateTarget;
			buildConfigurationList = C1A464850D94482488FE6EF4 /* Build configuration list for PBXAggregateTarget "ZERO_CHECK" */;
			buildPhases = (
				930734CF8E5D454781CA7958 /* CMake Rules */,
			);
			dependencies = (
			);
			name = ZERO_CHECK;
			productName = ZERO_CHECK;
		};
/* End PBXAggregateTarget section */

/* Begin PBXBuildFile section */
		4B254D7BC3074FEE88CDFBEE /* main.cpp in Sources */ = {isa = PBXBuildFile; fileRef = 41633F923B9A429BB881B9FE /* main.cpp */; settings = {COMPILER_FLAGS = ""; }; };
		F8889D50453B46268E36A2E4 /* PointDemo.cpp in Sources */ = {isa = PBXBuildFile; fileRef = 6858F7F671AD40C2996F66E4 /* PointDemo.cpp */; settings = {COMPILER_FLAGS = ""; }; };
/* End PBXBuildFile section */

/* Begin PBXContainerItemProxy section */
		7B622E4E2883498BBB2AFC82 /* PBXContainerItemProxy */ = {
			isa = PBXContainerItemProxy;
			containerPortal = AE1D7002136C4EA581A162D2 /* Project object */;
			proxyType = 1;
			remoteGlobalIDString = 4F6F4CB8B39F464EA64B1243;
			remoteInfo = ZERO_CHECK;
		};
		AABD20BAC7E447F084B04711 /* PBXContainerItemProxy */ = {
			isa = PBXContainerItemProxy;
			containerPortal = AE1D7002136C4EA581A162D2 /* Project object */;
			proxyType = 1;
			remoteGlobalIDString = 4F6F4CB8B39F464EA64B1243;
			remoteInfo = ZERO_CHECK;
		};
		DEC87C0129F842849CAF742D /* PBXContainerItemProxy */ = {
			isa = PBXContainerItemProxy;
			containerPortal = AE1D7002136C4EA581A162D2 /* Project object */;
			proxyType = 1;
			remoteGlobalIDString = 4C232F8182BC4A84B546F267;
			remoteInfo = pointDemo;
		};
/* End PBXContainerItemProxy section */

/* Begin PBXFileReference section */
		13117372DFA6400C86E6EAF3 /* pointDemo */ = {isa = PBXFileReference; explicitFileType = "compiled.mach-o.executable"; path = pointDemo; sourceTree = BUILT_PRODUCTS_DIR; };
		41633F923B9A429BB881B9FE /* main.cpp */ = {isa = PBXFileReference; explicitFileType = sourcecode.cpp.cpp; fileEncoding = 4; path = main.cpp; sourceTree = SOURCE_ROOT; };
		4331E6ED2BA345929CEFA5E6 /* CMakeLists.txt */ = {isa = PBXFileReference; explicitFileType = sourcecode.text; fileEncoding = 4; lastKnownFileType = text; path = CMakeLists.txt; sourceTree = SOURCE_ROOT; };
		6858F7F671AD40C2996F66E4 /* PointDemo.cpp */ = {isa = PBXFileReference; explicitFileType = sourcecode.cpp.cpp; fileEncoding = 4; path = PointDemo.cpp; sourceTree = SOURCE_ROOT; };
		74CD79FCA86441C389299145 /* CMakeLists.txt */ = {isa = PBXFileReference; explicitFileType = sourcecode.text; fileEncoding = 4; lastKnownFileType = text; path = CMakeLists.txt; sourceTree = SOURCE_ROOT; };
		AA05972F3C994EFC9F44466C /* CMakeLists.txt */ = {isa = PBXFileReference; explicitFileType = sourcecode.text; fileEncoding = 4; lastKnownFileType = text; path = CMakeLists.txt; sourceTree = SOURCE_ROOT; };
		CB2D8FF3B0AC455B80314D10 /* PointDemo.h */ = {isa = PBXFileReference; explicitFileType = sourcecode.c.h; fileEncoding = 4; path = PointDemo.h; sourceTree = SOURCE_ROOT; };
/* End PBXFileReference section */

/* Begin PBXGroup section */
		118229E3B400486DBD02A5CA /* pointDemo */ = {
			isa = PBXGroup;
			children = (
				4204E557A7284858812FF5F2 /* Source Files */,
				66C9BA0D20C74C9891132BD7 /* Header Files */,
				4331E6ED2BA345929CEFA5E6 /* CMakeLists.txt */,
			);
			name = pointDemo;
			sourceTree = "<group>";
		};
		2485E3883C0F4DDE8673C911 = {
			isa = PBXGroup;
			children = (
				B6C6FFA1BE9D41D9AD440B68 /* Sources */,
				330499F5784C4564BA0A04FD /* Resources */,
				B46F551E79F54DE5A55AC180 /* Products */,
			);
			sourceTree = "<group>";
		};
		330499F5784C4564BA0A04FD /* Resources */ = {
			isa = PBXGroup;
			children = (
			);
			name = Resources;
			sourceTree = "<group>";
		};
		4204E557A7284858812FF5F2 /* Source Files */ = {
			isa = PBXGroup;
			children = (
				6858F7F671AD40C2996F66E4 /* PointDemo.cpp */,
				41633F923B9A429BB881B9FE /* main.cpp */,
			);
			name = "Source Files";
			sourceTree = "<group>";
		};
		5798427550D6410D89B88578 /* ZERO_CHECK */ = {
			isa = PBXGroup;
			children = (
				8D2469EBCCA541E2BC614D06 /* CMake Rules */,
				74CD79FCA86441C389299145 /* CMakeLists.txt */,
			);
			name = ZERO_CHECK;
			sourceTree = "<group>";
		};
		66C9BA0D20C74C9891132BD7 /* Header Files */ = {
			isa = PBXGroup;
			children = (
				CB2D8FF3B0AC455B80314D10 /* PointDemo.h */,
			);
			name = "Header Files";
			sourceTree = "<group>";
		};
		8D2469EBCCA541E2BC614D06 /* CMake Rules */ = {
			isa = PBXGroup;
			children = (
			);
			name = "CMake Rules";
			sourceTree = "<group>";
		};
		B46F551E79F54DE5A55AC180 /* Products */ = {
			isa = PBXGroup;
			children = (
				13117372DFA6400C86E6EAF3 /* pointDemo */,
			);
			name = Products;
			sourceTree = "<group>";
		};
		B6C6FFA1BE9D41D9AD440B68 /* Sources */ = {
			isa = PBXGroup;
			children = (
				EC5FB3E5128B4616A1DE5B4F /* ALL_BUILD */,
				5798427550D6410D89B88578 /* ZERO_CHECK */,
				118229E3B400486DBD02A5CA /* pointDemo */,
			);
			name = Sources;
			sourceTree = "<group>";
		};
		DE2B22B1F5C7498D81BF1DBC /* CMake Rules */ = {
			isa = PBXGroup;
			children = (
			);
			name = "CMake Rules";
			sourceTree = "<group>";
		};
		EC5FB3E5128B4616A1DE5B4F /* ALL_BUILD */ = {
			isa = PBXGroup;
			children = (
				DE2B22B1F5C7498D81BF1DBC /* CMake Rules */,
				AA05972F3C994EFC9F44466C /* CMakeLists.txt */,
			);
			name = ALL_BUILD;
			sourceTree = "<group>";
		};
/* End PBXGroup section */

/* Begin PBXNativeTarget section */
		4C232F8182BC4A84B546F267 /* pointDemo */ = {
			isa = PBXNativeTarget;
			buildConfigurationList = 9E69E65D79954661B6D0BE93 /* Build configuration list for PBXNativeTarget "pointDemo" */;
			buildPhases = (
				C269EDED6AA84B50842C3D08 /* Sources */,
			);
			buildRules = (
			);
			dependencies = (
				8C230C5648324D8EBCB989E7 /* PBXTargetDependency */,
			);
			name = pointDemo;
			productName = pointDemo;
			productReference = 13117372DFA6400C86E6EAF3 /* pointDemo */;
			productType = "com.apple.product-type.tool";
		};
/* End PBXNativeTarget section */

/* Begin PBXProject section */
		AE1D7002136C4EA581A162D2 /* Project object */ = {
			isa = PBXProject;
			attributes = {
				BuildIndependentTargetsInParallel = YES;
				LastUpgradeCheck = 0630;
			};
			buildConfigurationList = 5CBB5F908CD74F49982CEF78 /* Build configuration list for PBXProject "pointDemo" */;
			compatibilityVersion = "Xcode 3.2";
			developmentRegion = English;
			hasScannedForEncodings = 0;
			knownRegions = (
				en,
			);
			mainGroup = 2485E3883C0F4DDE8673C911;
			projectDirPath = ..;
			projectRoot = "";
			targets = (
				2B2C4503E36240CFB3BA2EBA /* ALL_BUILD */,
				4F6F4CB8B39F464EA64B1243 /* ZERO_CHECK */,
				4C232F8182BC4A84B546F267 /* pointDemo */,
			);
		};
/* End PBXProject section */

/* Begin PBXShellScriptBuildPhase section */
		930734CF8E5D454781CA7958 /* CMake Rules */ = {
			isa = PBXShellScriptBuildPhase;
			buildActionMask = 2147483647;
			files = (
			);
			name = "CMake Rules";
			runOnlyForDeploymentPostprocessing = 0;
			shellPath = /bin/sh;
			shellScript = "make -C /Users/mloayza/projects/openGL/easyOpenGL-workspace/pointDemo/buildXcode -f /Users/mloayza/projects/openGL/easyOpenGL-workspace/pointDemo/buildXcode/CMakeScripts/ZERO_CHECK_cmakeRulesBuildPhase.make$CONFIGURATION all";
			showEnvVarsInLog = 0;
		};
		C7194083D12B47CDB6BE3650 /* CMake Rules */ = {
			isa = PBXShellScriptBuildPhase;
			buildActionMask = 2147483647;
			files = (
			);
			name = "CMake Rules";
			runOnlyForDeploymentPostprocessing = 0;
			shellPath = /bin/sh;
			shellScript = "make -C /Users/mloayza/projects/openGL/easyOpenGL-workspace/pointDemo/buildXcode -f /Users/mloayza/projects/openGL/easyOpenGL-workspace/pointDemo/buildXcode/CMakeScripts/ALL_BUILD_cmakeRulesBuildPhase.make$CONFIGURATION all";
			showEnvVarsInLog = 0;
		};
/* End PBXShellScriptBuildPhase section */

/* Begin PBXSourcesBuildPhase section */
		C269EDED6AA84B50842C3D08 /* Sources */ = {
			isa = PBXSourcesBuildPhase;
			buildActionMask = 2147483647;
			files = (
				F8889D50453B46268E36A2E4 /* PointDemo.cpp in Sources */,
				4B254D7BC3074FEE88CDFBEE /* main.cpp in Sources */,
			);
			runOnlyForDeploymentPostprocessing = 0;
		};
/* End PBXSourcesBuildPhase section */

/* Begin PBXTargetDependency section */
		8C230C5648324D8EBCB989E7 /* PBXTargetDependency */ = {
			isa = PBXTargetDependency;
			target = 4F6F4CB8B39F464EA64B1243 /* ZERO_CHECK */;
			targetProxy = 7B622E4E2883498BBB2AFC82 /* PBXContainerItemProxy */;
		};
		98FF9917B0EC4DD4AC581B9B /* PBXTargetDependency */ = {
			isa = PBXTargetDependency;
			target = 4F6F4CB8B39F464EA64B1243 /* ZERO_CHECK */;
			targetProxy = AABD20BAC7E447F084B04711 /* PBXContainerItemProxy */;
		};
		A7FE581714304AB4B058EC95 /* PBXTargetDependency */ = {
			isa = PBXTargetDependency;
			target = 4C232F8182BC4A84B546F267 /* pointDemo */;
			targetProxy = DEC87C0129F842849CAF742D /* PBXContainerItemProxy */;
		};
/* End PBXTargetDependency section */

/* Begin XCBuildConfiguration section */
		11D6CE60B0E94E1A97002CEA /* MinSizeRel */ = {
			isa = XCBuildConfiguration;
			buildSettings = {
				COMBINE_HIDPI_IMAGES = YES;
				EXECUTABLE_PREFIX = "";
				EXECUTABLE_SUFFIX = "";
				GCC_GENERATE_DEBUGGING_SYMBOLS = NO;
				GCC_INLINES_ARE_PRIVATE_EXTERN = NO;
				GCC_OPTIMIZATION_LEVEL = s;
				GCC_PREPROCESSOR_DEFINITIONS = "'CMAKE_INTDIR=\"$(CONFIGURATION)$(EFFECTIVE_PLATFORM_NAME)\"'";
				GCC_SYMBOLS_PRIVATE_EXTERN = NO;
				HEADER_SEARCH_PATHS = (
					"/Users/mloayza/projects/openGL/easyOpenGL-workspace/external/gl3w/include",
					"/Users/mloayza/projects/openGL/easyOpenGL-workspace/external/glm",
					"/Users/mloayza/projects/openGL/easyOpenGL-workspace/external/glfw/include",
					"/Users/mloayza/projects/openGL/easyOpenGL-workspace/easyOpenGL/include",
				);
				INSTALL_PATH = "";
				LD_RUNPATH_SEARCH_PATHS = "/Users/mloayza/projects/openGL/easyOpenGL-workspace/external/gl3w/lib /Users/mloayza/projects/openGL/easyOpenGL-workspace/external/glfw/lib /System/Library/Frameworks/CoreFoundation.framework /Users/mloayza/projects/openGL/easyOpenGL-workspace/easyOpenGL/Debug";
				LIBRARY_SEARCH_PATHS = (
					"/Users/mloayza/projects/openGL/easyOpenGL-workspace/external/gl3w/lib/$(CONFIGURATION)$(EFFECTIVE_PLATFORM_NAME)",
					"/Users/mloayza/projects/openGL/easyOpenGL-workspace/external/gl3w/lib",
					"/Users/mloayza/projects/openGL/easyOpenGL-workspace/external/glfw/lib/$(CONFIGURATION)$(EFFECTIVE_PLATFORM_NAME)",
					"/Users/mloayza/projects/openGL/easyOpenGL-workspace/external/glfw/lib",
					"/System/Library/Frameworks/CoreFoundation.framework/$(CONFIGURATION)$(EFFECTIVE_PLATFORM_NAME)",
					/System/Library/Frameworks/CoreFoundation.framework,
					"/Users/mloayza/projects/openGL/easyOpenGL-workspace/easyOpenGL/Debug/$(CONFIGURATION)$(EFFECTIVE_PLATFORM_NAME)",
					"/Users/mloayza/projects/openGL/easyOpenGL-workspace/easyOpenGL/Debug",
				);
				OTHER_CFLAGS = "    -DNDEBUG  ";
				OTHER_CPLUSPLUSFLAGS = (
					"-std=c++11",
					"-DNDEBUG",
				);
				OTHER_LDFLAGS = (
					"-Wl,-search_paths_first",
					"-Wl,-headerpad_max_install_names",
					"-lglfw",
					"-lgl3w",
					"-lCoreFoundation",
					"-leasyOpenGL",
				);
				OTHER_REZFLAGS = "";
				PRODUCT_NAME = pointDemo;
				SECTORDER_FLAGS = "";
				SYMROOT = "/Users/mloayza/projects/openGL/easyOpenGL-workspace/pointDemo/buildXcode";
				USE_HEADERMAP = NO;
				WARNING_CFLAGS = (
					"-Wmost",
					"-Wno-four-char-constants",
					"-Wno-unknown-pragmas",
					"$(inherited)",
				);
			};
			name = MinSizeRel;
		};
		1A852999E4FF46A78C482F80 /* MinSizeRel */ = {
			isa = XCBuildConfiguration;
			buildSettings = {
				COMBINE_HIDPI_IMAGES = YES;
				GCC_GENERATE_DEBUGGING_SYMBOLS = NO;
				GCC_INLINES_ARE_PRIVATE_EXTERN = NO;
				GCC_OPTIMIZATION_LEVEL = 0;
				GCC_PREPROCESSOR_DEFINITIONS = "'CMAKE_INTDIR=\"$(CONFIGURATION)$(EFFECTIVE_PLATFORM_NAME)\"'";
				GCC_SYMBOLS_PRIVATE_EXTERN = NO;
				HEADER_SEARCH_PATHS = (
					"/Users/mloayza/projects/openGL/easyOpenGL-workspace/external/gl3w/include",
					"/Users/mloayza/projects/openGL/easyOpenGL-workspace/external/glm",
					"/Users/mloayza/projects/openGL/easyOpenGL-workspace/external/glfw/include",
					"/Users/mloayza/projects/openGL/easyOpenGL-workspace/easyOpenGL/include",
				);
				INSTALL_PATH = "";
				OTHER_CFLAGS = "  ";
				OTHER_LDFLAGS = " ";
				OTHER_REZFLAGS = "";
				PRODUCT_NAME = ALL_BUILD;
				SECTORDER_FLAGS = "";
				SYMROOT = "/Users/mloayza/projects/openGL/easyOpenGL-workspace/pointDemo/buildXcode";
				USE_HEADERMAP = NO;
				WARNING_CFLAGS = (
					"-Wmost",
					"-Wno-four-char-constants",
					"-Wno-unknown-pragmas",
					"$(inherited)",
				);
			};
			name = MinSizeRel;
		};
		213D39512BF34D4A840DD668 /* Debug */ = {
			isa = XCBuildConfiguration;
			buildSettings = {
				COMBINE_HIDPI_IMAGES = YES;
				EXECUTABLE_PREFIX = "";
				EXECUTABLE_SUFFIX = "";
				GCC_GENERATE_DEBUGGING_SYMBOLS = YES;
				GCC_INLINES_ARE_PRIVATE_EXTERN = NO;
				GCC_OPTIMIZATION_LEVEL = 0;
				GCC_PREPROCESSOR_DEFINITIONS = "'CMAKE_INTDIR=\"$(CONFIGURATION)$(EFFECTIVE_PLATFORM_NAME)\"'";
				GCC_SYMBOLS_PRIVATE_EXTERN = NO;
				HEADER_SEARCH_PATHS = (
					"/Users/mloayza/projects/openGL/easyOpenGL-workspace/external/gl3w/include",
					"/Users/mloayza/projects/openGL/easyOpenGL-workspace/external/glm",
					"/Users/mloayza/projects/openGL/easyOpenGL-workspace/external/glfw/include",
					"/Users/mloayza/projects/openGL/easyOpenGL-workspace/easyOpenGL/include",
				);
				INSTALL_PATH = "";
				LD_RUNPATH_SEARCH_PATHS = "/Users/mloayza/projects/openGL/easyOpenGL-workspace/external/gl3w/lib /Users/mloayza/projects/openGL/easyOpenGL-workspace/external/glfw/lib /System/Library/Frameworks/CoreFoundation.framework /Users/mloayza/projects/openGL/easyOpenGL-workspace/easyOpenGL/Debug";
				LIBRARY_SEARCH_PATHS = (
					"/Users/mloayza/projects/openGL/easyOpenGL-workspace/external/gl3w/lib/$(CONFIGURATION)$(EFFECTIVE_PLATFORM_NAME)",
					"/Users/mloayza/projects/openGL/easyOpenGL-workspace/external/gl3w/lib",
					"/Users/mloayza/projects/openGL/easyOpenGL-workspace/external/glfw/lib/$(CONFIGURATION)$(EFFECTIVE_PLATFORM_NAME)",
					"/Users/mloayza/projects/openGL/easyOpenGL-workspace/external/glfw/lib",
					"/System/Library/Frameworks/CoreFoundation.framework/$(CONFIGURATION)$(EFFECTIVE_PLATFORM_NAME)",
					/System/Library/Frameworks/CoreFoundation.framework,
					"/Users/mloayza/projects/openGL/easyOpenGL-workspace/easyOpenGL/Debug/$(CONFIGURATION)$(EFFECTIVE_PLATFORM_NAME)",
					"/Users/mloayza/projects/openGL/easyOpenGL-workspace/easyOpenGL/Debug",
				);
				OTHER_CFLAGS = "    ";
				OTHER_CPLUSPLUSFLAGS = " -std=c++11     ";
				OTHER_LDFLAGS = (
					"-Wl,-search_paths_first",
					"-Wl,-headerpad_max_install_names",
					"-lglfw",
					"-lgl3w",
					"-lCoreFoundation",
					"-leasyOpenGL",
				);
				OTHER_REZFLAGS = "";
				PRODUCT_NAME = pointDemo;
				SECTORDER_FLAGS = "";
				SYMROOT = "/Users/mloayza/projects/openGL/easyOpenGL-workspace/pointDemo/buildXcode";
				USE_HEADERMAP = NO;
				WARNING_CFLAGS = (
					"-Wmost",
					"-Wno-four-char-constants",
					"-Wno-unknown-pragmas",
					"$(inherited)",
				);
			};
			name = Debug;
		};
		2E37F669923F4553BB23460F /* RelWithDebInfo */ = {
			isa = XCBuildConfiguration;
			buildSettings = {
				COMBINE_HIDPI_IMAGES = YES;
				EXECUTABLE_PREFIX = "";
				EXECUTABLE_SUFFIX = "";
				GCC_GENERATE_DEBUGGING_SYMBOLS = YES;
				GCC_INLINES_ARE_PRIVATE_EXTERN = NO;
				GCC_OPTIMIZATION_LEVEL = 2;
				GCC_PREPROCESSOR_DEFINITIONS = "'CMAKE_INTDIR=\"$(CONFIGURATION)$(EFFECTIVE_PLATFORM_NAME)\"'";
				GCC_SYMBOLS_PRIVATE_EXTERN = NO;
				HEADER_SEARCH_PATHS = (
					"/Users/mloayza/projects/openGL/easyOpenGL-workspace/external/gl3w/include",
					"/Users/mloayza/projects/openGL/easyOpenGL-workspace/external/glm",
					"/Users/mloayza/projects/openGL/easyOpenGL-workspace/external/glfw/include",
					"/Users/mloayza/projects/openGL/easyOpenGL-workspace/easyOpenGL/include",
				);
				INSTALL_PATH = "";
				LD_RUNPATH_SEARCH_PATHS = "/Users/mloayza/projects/openGL/easyOpenGL-workspace/external/gl3w/lib /Users/mloayza/projects/openGL/easyOpenGL-workspace/external/glfw/lib /System/Library/Frameworks/CoreFoundation.framework /Users/mloayza/projects/openGL/easyOpenGL-workspace/easyOpenGL/Debug";
				LIBRARY_SEARCH_PATHS = (
					"/Users/mloayza/projects/openGL/easyOpenGL-workspace/external/gl3w/lib/$(CONFIGURATION)$(EFFECTIVE_PLATFORM_NAME)",
					"/Users/mloayza/projects/openGL/easyOpenGL-workspace/external/gl3w/lib",
					"/Users/mloayza/projects/openGL/easyOpenGL-workspace/external/glfw/lib/$(CONFIGURATION)$(EFFECTIVE_PLATFORM_NAME)",
					"/Users/mloayza/projects/openGL/easyOpenGL-workspace/external/glfw/lib",
					"/System/Library/Frameworks/CoreFoundation.framework/$(CONFIGURATION)$(EFFECTIVE_PLATFORM_NAME)",
					/System/Library/Frameworks/CoreFoundation.framework,
					"/Users/mloayza/projects/openGL/easyOpenGL-workspace/easyOpenGL/Debug/$(CONFIGURATION)$(EFFECTIVE_PLATFORM_NAME)",
					"/Users/mloayza/projects/openGL/easyOpenGL-workspace/easyOpenGL/Debug",
				);
				OTHER_CFLAGS = "       -DNDEBUG  ";
				OTHER_CPLUSPLUSFLAGS = (
					"-std=c++11",
					"-DNDEBUG",
				);
				OTHER_LDFLAGS = (
					"-Wl,-search_paths_first",
					"-Wl,-headerpad_max_install_names",
					"-lglfw",
					"-lgl3w",
					"-lCoreFoundation",
					"-leasyOpenGL",
				);
				OTHER_REZFLAGS = "";
				PRODUCT_NAME = pointDemo;
				SECTORDER_FLAGS = "";
				SYMROOT = "/Users/mloayza/projects/openGL/easyOpenGL-workspace/pointDemo/buildXcode";
				USE_HEADERMAP = NO;
				WARNING_CFLAGS = (
					"-Wmost",
					"-Wno-four-char-constants",
					"-Wno-unknown-pragmas",
					"$(inherited)",
				);
			};
			name = RelWithDebInfo;
		};
		328A62800CFB4D67B3391E5D /* Release */ = {
			isa = XCBuildConfiguration;
			buildSettings = {
				COMBINE_HIDPI_IMAGES = YES;
				GCC_GENERATE_DEBUGGING_SYMBOLS = NO;
				GCC_INLINES_ARE_PRIVATE_EXTERN = NO;
				GCC_OPTIMIZATION_LEVEL = 0;
				GCC_PREPROCESSOR_DEFINITIONS = "'CMAKE_INTDIR=\"$(CONFIGURATION)$(EFFECTIVE_PLATFORM_NAME)\"'";
				GCC_SYMBOLS_PRIVATE_EXTERN = NO;
				HEADER_SEARCH_PATHS = (
					"/Users/mloayza/projects/openGL/easyOpenGL-workspace/external/gl3w/include",
					"/Users/mloayza/projects/openGL/easyOpenGL-workspace/external/glm",
					"/Users/mloayza/projects/openGL/easyOpenGL-workspace/external/glfw/include",
					"/Users/mloayza/projects/openGL/easyOpenGL-workspace/easyOpenGL/include",
				);
				INSTALL_PATH = "";
				OTHER_CFLAGS = "  ";
				OTHER_LDFLAGS = " ";
				OTHER_REZFLAGS = "";
				PRODUCT_NAME = ZERO_CHECK;
				SECTORDER_FLAGS = "";
				SYMROOT = "/Users/mloayza/projects/openGL/easyOpenGL-workspace/pointDemo/buildXcode";
				USE_HEADERMAP = NO;
				WARNING_CFLAGS = (
					"-Wmost",
					"-Wno-four-char-constants",
					"-Wno-unknown-pragmas",
					"$(inherited)",
				);
			};
			name = Release;
		};
		4566B3E12BBD4E6A8971C136 /* Release */ = {
			isa = XCBuildConfiguration;
			buildSettings = {
				COMBINE_HIDPI_IMAGES = YES;
				EXECUTABLE_PREFIX = "";
				EXECUTABLE_SUFFIX = "";
				GCC_GENERATE_DEBUGGING_SYMBOLS = NO;
				GCC_INLINES_ARE_PRIVATE_EXTERN = NO;
				GCC_OPTIMIZATION_LEVEL = 3;
				GCC_PREPROCESSOR_DEFINITIONS = "'CMAKE_INTDIR=\"$(CONFIGURATION)$(EFFECTIVE_PLATFORM_NAME)\"'";
				GCC_SYMBOLS_PRIVATE_EXTERN = NO;
				HEADER_SEARCH_PATHS = (
					"/Users/mloayza/projects/openGL/easyOpenGL-workspace/external/gl3w/include",
					"/Users/mloayza/projects/openGL/easyOpenGL-workspace/external/glm",
					"/Users/mloayza/projects/openGL/easyOpenGL-workspace/external/glfw/include",
					"/Users/mloayza/projects/openGL/easyOpenGL-workspace/easyOpenGL/include",
				);
				INSTALL_PATH = "";
				LD_RUNPATH_SEARCH_PATHS = "/Users/mloayza/projects/openGL/easyOpenGL-workspace/external/gl3w/lib /Users/mloayza/projects/openGL/easyOpenGL-workspace/external/glfw/lib /System/Library/Frameworks/CoreFoundation.framework /Users/mloayza/projects/openGL/easyOpenGL-workspace/easyOpenGL/Debug";
				LIBRARY_SEARCH_PATHS = (
					"/Users/mloayza/projects/openGL/easyOpenGL-workspace/external/gl3w/lib/$(CONFIGURATION)$(EFFECTIVE_PLATFORM_NAME)",
					"/Users/mloayza/projects/openGL/easyOpenGL-workspace/external/gl3w/lib",
					"/Users/mloayza/projects/openGL/easyOpenGL-workspace/external/glfw/lib/$(CONFIGURATION)$(EFFECTIVE_PLATFORM_NAME)",
					"/Users/mloayza/projects/openGL/easyOpenGL-workspace/external/glfw/lib",
					"/System/Library/Frameworks/CoreFoundation.framework/$(CONFIGURATION)$(EFFECTIVE_PLATFORM_NAME)",
					/System/Library/Frameworks/CoreFoundation.framework,
					"/Users/mloayza/projects/openGL/easyOpenGL-workspace/easyOpenGL/Debug/$(CONFIGURATION)$(EFFECTIVE_PLATFORM_NAME)",
					"/Users/mloayza/projects/openGL/easyOpenGL-workspace/easyOpenGL/Debug",
				);
				OTHER_CFLAGS = "    -DNDEBUG  ";
				OTHER_CPLUSPLUSFLAGS = (
					"-std=c++11",
					"-DNDEBUG",
				);
				OTHER_LDFLAGS = (
					"-Wl,-search_paths_first",
					"-Wl,-headerpad_max_install_names",
					"-lglfw",
					"-lgl3w",
					"-lCoreFoundation",
					"-leasyOpenGL",
				);
				OTHER_REZFLAGS = "";
				PRODUCT_NAME = pointDemo;
				SECTORDER_FLAGS = "";
				SYMROOT = "/Users/mloayza/projects/openGL/easyOpenGL-workspace/pointDemo/buildXcode";
				USE_HEADERMAP = NO;
				WARNING_CFLAGS = (
					"-Wmost",
					"-Wno-four-char-constants",
					"-Wno-unknown-pragmas",
					"$(inherited)",
				);
			};
			name = Release;
		};
		5CF128DD23F0480F83177C5F /* RelWithDebInfo */ = {
			isa = XCBuildConfiguration;
			buildSettings = {
				COMBINE_HIDPI_IMAGES = YES;
				GCC_GENERATE_DEBUGGING_SYMBOLS = NO;
				GCC_INLINES_ARE_PRIVATE_EXTERN = NO;
				GCC_OPTIMIZATION_LEVEL = 0;
				GCC_PREPROCESSOR_DEFINITIONS = "'CMAKE_INTDIR=\"$(CONFIGURATION)$(EFFECTIVE_PLATFORM_NAME)\"'";
				GCC_SYMBOLS_PRIVATE_EXTERN = NO;
				HEADER_SEARCH_PATHS = (
					"/Users/mloayza/projects/openGL/easyOpenGL-workspace/external/gl3w/include",
					"/Users/mloayza/projects/openGL/easyOpenGL-workspace/external/glm",
					"/Users/mloayza/projects/openGL/easyOpenGL-workspace/external/glfw/include",
					"/Users/mloayza/projects/openGL/easyOpenGL-workspace/easyOpenGL/include",
				);
				INSTALL_PATH = "";
				OTHER_CFLAGS = "  ";
				OTHER_LDFLAGS = " ";
				OTHER_REZFLAGS = "";
				PRODUCT_NAME = ZERO_CHECK;
				SECTORDER_FLAGS = "";
				SYMROOT = "/Users/mloayza/projects/openGL/easyOpenGL-workspace/pointDemo/buildXcode";
				USE_HEADERMAP = NO;
				WARNING_CFLAGS = (
					"-Wmost",
					"-Wno-four-char-constants",
					"-Wno-unknown-pragmas",
					"$(inherited)",
				);
			};
			name = RelWithDebInfo;
		};
		67021824D72E477F8CF46489 /* MinSizeRel */ = {
			isa = XCBuildConfiguration;
			buildSettings = {
				COMBINE_HIDPI_IMAGES = YES;
				GCC_GENERATE_DEBUGGING_SYMBOLS = NO;
				GCC_INLINES_ARE_PRIVATE_EXTERN = NO;
				GCC_OPTIMIZATION_LEVEL = 0;
				GCC_PREPROCESSOR_DEFINITIONS = "'CMAKE_INTDIR=\"$(CONFIGURATION)$(EFFECTIVE_PLATFORM_NAME)\"'";
				GCC_SYMBOLS_PRIVATE_EXTERN = NO;
				HEADER_SEARCH_PATHS = (
					"/Users/mloayza/projects/openGL/easyOpenGL-workspace/external/gl3w/include",
					"/Users/mloayza/projects/openGL/easyOpenGL-workspace/external/glm",
					"/Users/mloayza/projects/openGL/easyOpenGL-workspace/external/glfw/include",
					"/Users/mloayza/projects/openGL/easyOpenGL-workspace/easyOpenGL/include",
				);
				INSTALL_PATH = "";
				OTHER_CFLAGS = "  ";
				OTHER_LDFLAGS = " ";
				OTHER_REZFLAGS = "";
				PRODUCT_NAME = ZERO_CHECK;
				SECTORDER_FLAGS = "";
				SYMROOT = "/Users/mloayza/projects/openGL/easyOpenGL-workspace/pointDemo/buildXcode";
				USE_HEADERMAP = NO;
				WARNING_CFLAGS = (
					"-Wmost",
					"-Wno-four-char-constants",
					"-Wno-unknown-pragmas",
					"$(inherited)",
				);
			};
			name = MinSizeRel;
		};
		8C64775F91884EAF9D90AF3F /* Debug */ = {
			isa = XCBuildConfiguration;
			buildSettings = {
				COMBINE_HIDPI_IMAGES = YES;
				GCC_GENERATE_DEBUGGING_SYMBOLS = NO;
				GCC_INLINES_ARE_PRIVATE_EXTERN = NO;
				GCC_OPTIMIZATION_LEVEL = 0;
				GCC_PREPROCESSOR_DEFINITIONS = "'CMAKE_INTDIR=\"$(CONFIGURATION)$(EFFECTIVE_PLATFORM_NAME)\"'";
				GCC_SYMBOLS_PRIVATE_EXTERN = NO;
				HEADER_SEARCH_PATHS = (
					"/Users/mloayza/projects/openGL/easyOpenGL-workspace/external/gl3w/include",
					"/Users/mloayza/projects/openGL/easyOpenGL-workspace/external/glm",
					"/Users/mloayza/projects/openGL/easyOpenGL-workspace/external/glfw/include",
					"/Users/mloayza/projects/openGL/easyOpenGL-workspace/easyOpenGL/include",
				);
				INSTALL_PATH = "";
				OTHER_CFLAGS = "  ";
				OTHER_LDFLAGS = " ";
				OTHER_REZFLAGS = "";
				PRODUCT_NAME = ALL_BUILD;
				SECTORDER_FLAGS = "";
				SYMROOT = "/Users/mloayza/projects/openGL/easyOpenGL-workspace/pointDemo/buildXcode";
				USE_HEADERMAP = NO;
				WARNING_CFLAGS = (
					"-Wmost",
					"-Wno-four-char-constants",
					"-Wno-unknown-pragmas",
					"$(inherited)",
				);
			};
			name = Debug;
		};
		957537F549CC4462AAD5E5B2 /* Debug */ = {
			isa = XCBuildConfiguration;
			buildSettings = {
				ONLY_ACTIVE_ARCH = YES;
				SDKROOT = /Applications/Xcode.app/Contents/Developer/Platforms/MacOSX.platform/Developer/SDKs/MacOSX10.10.sdk;
				SYMROOT = "/Users/mloayza/projects/openGL/easyOpenGL-workspace/pointDemo/buildXcode/build";
			};
			name = Debug;
		};
		984A3C22AD5D4AE99D7257CD /* Release */ = {
			isa = XCBuildConfiguration;
			buildSettings = {
				COMBINE_HIDPI_IMAGES = YES;
				GCC_GENERATE_DEBUGGING_SYMBOLS = NO;
				GCC_INLINES_ARE_PRIVATE_EXTERN = NO;
				GCC_OPTIMIZATION_LEVEL = 0;
				GCC_PREPROCESSOR_DEFINITIONS = "'CMAKE_INTDIR=\"$(CONFIGURATION)$(EFFECTIVE_PLATFORM_NAME)\"'";
				GCC_SYMBOLS_PRIVATE_EXTERN = NO;
				HEADER_SEARCH_PATHS = (
					"/Users/mloayza/projects/openGL/easyOpenGL-workspace/external/gl3w/include",
					"/Users/mloayza/projects/openGL/easyOpenGL-workspace/external/glm",
					"/Users/mloayza/projects/openGL/easyOpenGL-workspace/external/glfw/include",
					"/Users/mloayza/projects/openGL/easyOpenGL-workspace/easyOpenGL/include",
				);
				INSTALL_PATH = "";
				OTHER_CFLAGS = "  ";
				OTHER_LDFLAGS = " ";
				OTHER_REZFLAGS = "";
				PRODUCT_NAME = ALL_BUILD;
				SECTORDER_FLAGS = "";
				SYMROOT = "/Users/mloayza/projects/openGL/easyOpenGL-workspace/pointDemo/buildXcode";
				USE_HEADERMAP = NO;
				WARNING_CFLAGS = (
					"-Wmost",
					"-Wno-four-char-constants",
					"-Wno-unknown-pragmas",
					"$(inherited)",
				);
			};
			name = Release;
		};
		9AA0F36EB9DD4FE1BAB36049 /* RelWithDebInfo */ = {
			isa = XCBuildConfiguration;
			buildSettings = {
				ONLY_ACTIVE_ARCH = YES;
				SDKROOT = /Applications/Xcode.app/Contents/Developer/Platforms/MacOSX.platform/Developer/SDKs/MacOSX10.10.sdk;
				SYMROOT = "/Users/mloayza/projects/openGL/easyOpenGL-workspace/pointDemo/buildXcode/build";
			};
			name = RelWithDebInfo;
		};
		C074176444C040C7ABF2B12A /* Release */ = {
			isa = XCBuildConfiguration;
			buildSettings = {
				ONLY_ACTIVE_ARCH = YES;
				SDKROOT = /Applications/Xcode.app/Contents/Developer/Platforms/MacOSX.platform/Developer/SDKs/MacOSX10.10.sdk;
				SYMROOT = "/Users/mloayza/projects/openGL/easyOpenGL-workspace/pointDemo/buildXcode/build";
			};
			name = Release;
		};
		D5FB3CC5F89546CC86763CFB /* Debug */ = {
			isa = XCBuildConfiguration;
			buildSettings = {
				COMBINE_HIDPI_IMAGES = YES;
				GCC_GENERATE_DEBUGGING_SYMBOLS = NO;
				GCC_INLINES_ARE_PRIVATE_EXTERN = NO;
				GCC_OPTIMIZATION_LEVEL = 0;
				GCC_PREPROCESSOR_DEFINITIONS = "'CMAKE_INTDIR=\"$(CONFIGURATION)$(EFFECTIVE_PLATFORM_NAME)\"'";
				GCC_SYMBOLS_PRIVATE_EXTERN = NO;
				HEADER_SEARCH_PATHS = (
					"/Users/mloayza/projects/openGL/easyOpenGL-workspace/external/gl3w/include",
					"/Users/mloayza/projects/openGL/easyOpenGL-workspace/external/glm",
					"/Users/mloayza/projects/openGL/easyOpenGL-workspace/external/glfw/include",
					"/Users/mloayza/projects/openGL/easyOpenGL-workspace/easyOpenGL/include",
				);
				INSTALL_PATH = "";
				OTHER_CFLAGS = "  ";
				OTHER_LDFLAGS = " ";
				OTHER_REZFLAGS = "";
				PRODUCT_NAME = ZERO_CHECK;
				SECTORDER_FLAGS = "";
				SYMROOT = "/Users/mloayza/projects/openGL/easyOpenGL-workspace/pointDemo/buildXcode";
				USE_HEADERMAP = NO;
				WARNING_CFLAGS = (
					"-Wmost",
					"-Wno-four-char-constants",
					"-Wno-unknown-pragmas",
					"$(inherited)",
				);
			};
			name = Debug;
		};
		EF26FBFBB4564B889A1983B9 /* RelWithDebInfo */ = {
			isa = XCBuildConfiguration;
			buildSettings = {
				COMBINE_HIDPI_IMAGES = YES;
				GCC_GENERATE_DEBUGGING_SYMBOLS = NO;
				GCC_INLINES_ARE_PRIVATE_EXTERN = NO;
				GCC_OPTIMIZATION_LEVEL = 0;
				GCC_PREPROCESSOR_DEFINITIONS = "'CMAKE_INTDIR=\"$(CONFIGURATION)$(EFFECTIVE_PLATFORM_NAME)\"'";
				GCC_SYMBOLS_PRIVATE_EXTERN = NO;
				HEADER_SEARCH_PATHS = (
					"/Users/mloayza/projects/openGL/easyOpenGL-workspace/external/gl3w/include",
					"/Users/mloayza/projects/openGL/easyOpenGL-workspace/external/glm",
					"/Users/mloayza/projects/openGL/easyOpenGL-workspace/external/glfw/include",
					"/Users/mloayza/projects/openGL/easyOpenGL-workspace/easyOpenGL/include",
				);
				INSTALL_PATH = "";
				OTHER_CFLAGS = "  ";
				OTHER_LDFLAGS = " ";
				OTHER_REZFLAGS = "";
				PRODUCT_NAME = ALL_BUILD;
				SECTORDER_FLAGS = "";
				SYMROOT = "/Users/mloayza/projects/openGL/easyOpenGL-workspace/pointDemo/buildXcode";
				USE_HEADERMAP = NO;
				WARNING_CFLAGS = (
					"-Wmost",
					"-Wno-four-char-constants",
					"-Wno-unknown-pragmas",
					"$(inherited)",
				);
			};
			name = RelWithDebInfo;
		};
		FC13EE590C4F4F2B809BA747 /* MinSizeRel */ = {
			isa = XCBuildConfiguration;
			buildSettings = {
				ONLY_ACTIVE_ARCH = YES;
				SDKROOT = /Applications/Xcode.app/Contents/Developer/Platforms/MacOSX.platform/Developer/SDKs/MacOSX10.10.sdk;
				SYMROOT = "/Users/mloayza/projects/openGL/easyOpenGL-workspace/pointDemo/buildXcode/build";
			};
			name = MinSizeRel;
		};
/* End XCBuildConfiguration section */

/* Begin XCConfigurationList section */
		5CBB5F908CD74F49982CEF78 /* Build configuration list for PBXProject "pointDemo" */ = {
			isa = XCConfigurationList;
			buildConfigurations = (
				957537F549CC4462AAD5E5B2 /* Debug */,
				C074176444C040C7ABF2B12A /* Release */,
				FC13EE590C4F4F2B809BA747 /* MinSizeRel */,
				9AA0F36EB9DD4FE1BAB36049 /* RelWithDebInfo */,
			);
			defaultConfigurationIsVisible = 0;
			defaultConfigurationName = Debug;
		};
		88A0D1DD7FC44F329CE6D796 /* Build configuration list for PBXAggregateTarget "ALL_BUILD" */ = {
			isa = XCConfigurationList;
			buildConfigurations = (
				8C64775F91884EAF9D90AF3F /* Debug */,
				984A3C22AD5D4AE99D7257CD /* Release */,
				1A852999E4FF46A78C482F80 /* MinSizeRel */,
				EF26FBFBB4564B889A1983B9 /* RelWithDebInfo */,
			);
			defaultConfigurationIsVisible = 0;
			defaultConfigurationName = Debug;
		};
		9E69E65D79954661B6D0BE93 /* Build configuration list for PBXNativeTarget "pointDemo" */ = {
			isa = XCConfigurationList;
			buildConfigurations = (
				213D39512BF34D4A840DD668 /* Debug */,
				4566B3E12BBD4E6A8971C136 /* Release */,
				11D6CE60B0E94E1A97002CEA /* MinSizeRel */,
				2E37F669923F4553BB23460F /* RelWithDebInfo */,
			);
			defaultConfigurationIsVisible = 0;
			defaultConfigurationName = Debug;
		};
		C1A464850D94482488FE6EF4 /* Build configuration list for PBXAggregateTarget "ZERO_CHECK" */ = {
			isa = XCConfigurationList;
			buildConfigurations = (
				D5FB3CC5F89546CC86763CFB /* Debug */,
				328A62800CFB4D67B3391E5D /* Release */,
				67021824D72E477F8CF46489 /* MinSizeRel */,
				5CF128DD23F0480F83177C5F /* RelWithDebInfo */,
			);
			defaultConfigurationIsVisible = 0;
			defaultConfigurationName = Debug;
		};
/* End XCConfigurationList section */
	};
	rootObject = AE1D7002136C4EA581A162D2 /* Project object */;
}
